
Microsoft Visual Studio Solution File, Format Version 12.00
# Visual Studio Version 17
VisualStudioVersion = 17.10.34607.79
MinimumVisualStudioVersion = 10.0.40219.1
Project("{9A19103F-16F7-4668-BE54-9A1E7A4F7556}") = "DBCommAgent.NET", "DBCommAgent.NET\DBCommAgent.NET.csproj", "{EE4980F6-BDA3-47AA-AB8E-15AF65268648}"
EndProject
Project("{9A19103F-16F7-4668-BE54-9A1E7A4F7556}") = "DBOpenApiW.NET", "DBOpenApiW.NET\DBOpenApiW.NET.csproj", "{2438207E-C915-482B-978F-0678010A0793}"
EndProject
Project("{2150E333-8FDC-42A3-9474-1A3956D46DE8}") = "Samples", "Samples", "{26EFDB78-8F50-4322-8AF1-59D76211F808}"
EndProject
Project("{9A19103F-16F7-4668-BE54-9A1E7A4F7556}") = "ConsoleApp_DBCommAgent", "Samples\ConsoleApp_DBCommAgent\ConsoleApp_DBCommAgent.csproj", "{44F807F0-A857-404A-AD11-D61C2580B1FD}"
EndProject
Project("{9A19103F-16F7-4668-BE54-9A1E7A4F7556}") = "ConsoleApp_DBOpenApiW", "Samples\ConsoleApp_DBOpenApiW\ConsoleApp_DBOpenApiW.csproj", "{7BCE6698-884A-4D15-B8F1-B029A45F6605}"
EndProject
Project("{9A19103F-16F7-4668-BE54-9A1E7A4F7556}") = "WinFormsApp_DBCommAgent", "Samples\WinFormsApp_DBCommAgent\WinFormsApp_DBCommAgent.csproj", "{A1C2D087-9122-426F-9267-DD5334272C49}"
EndProject
Project("{9A19103F-16F7-4668-BE54-9A1E7A4F7556}") = "WinFormsApp_DBOpenApiW", "Samples\WinFormsApp_DBOpenApiW\WinFormsApp_DBOpenApiW.csproj", "{0AFA7B6A-E922-43BD-AD0C-AE50D2704693}"
EndProject
Project("{9A19103F-16F7-4668-BE54-9A1E7A4F7556}") = "Wpf_DBCommAgent", "Samples\Wpf_DBCommAgent\Wpf_DBCommAgent.csproj", "{79FCCA7C-2FCB-4E02-8819-61C6DB781554}"
EndProject
Project("{9A19103F-16F7-4668-BE54-9A1E7A4F7556}") = "Wpf_DBOpenApiW", "Samples\Wpf_DBOpenApiW\Wpf_DBOpenApiW.csproj", "{A0B3DD6E-E6FE-4289-8B7B-717ABED2715D}"
EndProject
Project("{FAE04EC0-301F-11D3-BF4B-00C04F79EFBC}") = "DBOpenApi.NET", "DBOpenApi.NET\DBOpenApi.NET.csproj", "{364DD4A5-3847-412E-A9D2-F6CA75EB941F}"
EndProject
Global
	GlobalSection(SolutionConfigurationPlatforms) = preSolution
		Debug|Any CPU = Debug|Any CPU
		Release|Any CPU = Release|Any CPU
	EndGlobalSection
	GlobalSection(ProjectConfigurationPlatforms) = postSolution
		{EE4980F6-BDA3-47AA-AB8E-15AF65268648}.Debug|Any CPU.ActiveCfg = Debug|Any CPU
		{EE4980F6-BDA3-47AA-AB8E-15AF65268648}.Debug|Any CPU.Build.0 = Debug|Any CPU
		{EE4980F6-BDA3-47AA-AB8E-15AF65268648}.Release|Any CPU.ActiveCfg = Release|Any CPU
		{EE4980F6-BDA3-47AA-AB8E-15AF65268648}.Release|Any CPU.Build.0 = Release|Any CPU
		{2438207E-C915-482B-978F-0678010A0793}.Debug|Any CPU.ActiveCfg = Debug|Any CPU
		{2438207E-C915-482B-978F-0678010A0793}.Debug|Any CPU.Build.0 = Debug|Any CPU
		{2438207E-C915-482B-978F-0678010A0793}.Release|Any CPU.ActiveCfg = Release|Any CPU
		{2438207E-C915-482B-978F-0678010A0793}.Release|Any CPU.Build.0 = Release|Any CPU
		{44F807F0-A857-404A-AD11-D61C2580B1FD}.Debug|Any CPU.ActiveCfg = Debug|Any CPU
		{44F807F0-A857-404A-AD11-D61C2580B1FD}.Debug|Any CPU.Build.0 = Debug|Any CPU
		{44F807F0-A857-404A-AD11-D61C2580B1FD}.Release|Any CPU.ActiveCfg = Release|Any CPU
		{44F807F0-A857-404A-AD11-D61C2580B1FD}.Release|Any CPU.Build.0 = Release|Any CPU
		{7BCE6698-884A-4D15-B8F1-B029A45F6605}.Debug|Any CPU.ActiveCfg = Debug|Any CPU
		{7BCE6698-884A-4D15-B8F1-B029A45F6605}.Debug|Any CPU.Build.0 = Debug|Any CPU
		{7BCE6698-884A-4D15-B8F1-B029A45F6605}.Release|Any CPU.ActiveCfg = Release|Any CPU
		{7BCE6698-884A-4D15-B8F1-B029A45F6605}.Release|Any CPU.Build.0 = Release|Any CPU
		{A1C2D087-9122-426F-9267-DD5334272C49}.Debug|Any CPU.ActiveCfg = Debug|Any CPU
		{A1C2D087-9122-426F-9267-DD5334272C49}.Debug|Any CPU.Build.0 = Debug|Any CPU
		{A1C2D087-9122-426F-9267-DD5334272C49}.Release|Any CPU.ActiveCfg = Release|Any CPU
		{A1C2D087-9122-426F-9267-DD5334272C49}.Release|Any CPU.Build.0 = Release|Any CPU
		{0AFA7B6A-E922-43BD-AD0C-AE50D2704693}.Debug|Any CPU.ActiveCfg = Debug|Any CPU
		{0AFA7B6A-E922-43BD-AD0C-AE50D2704693}.Debug|Any CPU.Build.0 = Debug|Any CPU
		{0AFA7B6A-E922-43BD-AD0C-AE50D2704693}.Release|Any CPU.ActiveCfg = Release|Any CPU
		{0AFA7B6A-E922-43BD-AD0C-AE50D2704693}.Release|Any CPU.Build.0 = Release|Any CPU
		{79FCCA7C-2FCB-4E02-8819-61C6DB781554}.Debug|Any CPU.ActiveCfg = Debug|Any CPU
		{79FCCA7C-2FCB-4E02-8819-61C6DB781554}.Debug|Any CPU.Build.0 = Debug|Any CPU
		{79FCCA7C-2FCB-4E02-8819-61C6DB781554}.Release|Any CPU.ActiveCfg = Release|Any CPU
		{79FCCA7C-2FCB-4E02-8819-61C6DB781554}.Release|Any CPU.Build.0 = Release|Any CPU
		{A0B3DD6E-E6FE-4289-8B7B-717ABED2715D}.Debug|Any CPU.ActiveCfg = Debug|Any CPU
		{A0B3DD6E-E6FE-4289-8B7B-717ABED2715D}.Debug|Any CPU.Build.0 = Debug|Any CPU
		{A0B3DD6E-E6FE-4289-8B7B-717ABED2715D}.Release|Any CPU.ActiveCfg = Release|Any CPU
		{A0B3DD6E-E6FE-4289-8B7B-717ABED2715D}.Release|Any CPU.Build.0 = Release|Any CPU
		{364DD4A5-3847-412E-A9D2-F6CA75EB941F}.Debug|Any CPU.ActiveCfg = Debug|Any CPU
		{364DD4A5-3847-412E-A9D2-F6CA75EB941F}.Debug|Any CPU.Build.0 = Debug|Any CPU
		{364DD4A5-3847-412E-A9D2-F6CA75EB941F}.Release|Any CPU.ActiveCfg = Release|Any CPU
		{364DD4A5-3847-412E-A9D2-F6CA75EB941F}.Release|Any CPU.Build.0 = Release|Any CPU
	EndGlobalSection
	GlobalSection(SolutionProperties) = preSolution
		HideSolutionNode = FALSE
	EndGlobalSection
	GlobalSection(NestedProjects) = preSolution
		{44F807F0-A857-404A-AD11-D61C2580B1FD} = {26EFDB78-8F50-4322-8AF1-59D76211F808}
		{7BCE6698-884A-4D15-B8F1-B029A45F6605} = {26EFDB78-8F50-4322-8AF1-59D76211F808}
		{A1C2D087-9122-426F-9267-DD5334272C49} = {26EFDB78-8F50-4322-8AF1-59D76211F808}
		{0AFA7B6A-E922-43BD-AD0C-AE50D2704693} = {26EFDB78-8F50-4322-8AF1-59D76211F808}
		{79FCCA7C-2FCB-4E02-8819-61C6DB781554} = {26EFDB78-8F50-4322-8AF1-59D76211F808}
		{A0B3DD6E-E6FE-4289-8B7B-717ABED2715D} = {26EFDB78-8F50-4322-8AF1-59D76211F808}
	EndGlobalSection
	GlobalSection(ExtensibilityGlobals) = postSolution
		SolutionGuid = {42B87DAE-6BBE-4FA6-84AE-968917280973}
	EndGlobalSection
EndGlobal
