
Microsoft Visual Studio Solution File, Format Version 12.00
# Visual Studio Version 17
VisualStudioVersion = 17.10.34607.79
MinimumVisualStudioVersion = 10.0.40219.1
Project("{9A19103F-16F7-4668-BE54-9A1E7A4F7556}") = "DBCommAgent.NET", "DBCommAgent.NET\DBCommAgent.NET.csproj", "{EE4980F6-BDA3-47AA-AB8E-15AF65268648}"
EndProject
Project("{9A19103F-16F7-4668-BE54-9A1E7A4F7556}") = "DBOpenApiW.NET", "DBOpenApiW.NET\DBOpenApiW.NET.csproj", "{2438207E-C915-482B-978F-0678010A0793}"
EndProject
Project("{FAE04EC0-301F-11D3-BF4B-00C04F79EFBC}") = "WpfApp1", "WpfApp1\WpfApp1.csproj", "{C7421DF3-D5E8-4F38-B3B8-495DD80A16AA}"
EndProject
Project("{FAE04EC0-301F-11D3-BF4B-00C04F79EFBC}") = "Wpf86", "Wpf86\Wpf86.csproj", "{82F557DA-51CC-43B9-A8F8-B4983E7050DD}"
EndProject
Global
	GlobalSection(SolutionConfigurationPlatforms) = preSolution
		Debug|Any CPU = Debug|Any CPU
		Release|Any CPU = Release|Any CPU
	EndGlobalSection
	GlobalSection(ProjectConfigurationPlatforms) = postSolution
		{EE4980F6-BDA3-47AA-AB8E-15AF65268648}.Debug|Any CPU.ActiveCfg = Debug|Any CPU
		{EE4980F6-BDA3-47AA-AB8E-15AF65268648}.Debug|Any CPU.Build.0 = Debug|Any CPU
		{EE4980F6-BDA3-47AA-AB8E-15AF65268648}.Release|Any CPU.ActiveCfg = Release|Any CPU
		{EE4980F6-BDA3-47AA-AB8E-15AF65268648}.Release|Any CPU.Build.0 = Release|Any CPU
		{2438207E-C915-482B-978F-0678010A0793}.Debug|Any CPU.ActiveCfg = Debug|Any CPU
		{2438207E-C915-482B-978F-0678010A0793}.Debug|Any CPU.Build.0 = Debug|Any CPU
		{2438207E-C915-482B-978F-0678010A0793}.Release|Any CPU.ActiveCfg = Release|Any CPU
		{2438207E-C915-482B-978F-0678010A0793}.Release|Any CPU.Build.0 = Release|Any CPU
		{C7421DF3-D5E8-4F38-B3B8-495DD80A16AA}.Debug|Any CPU.ActiveCfg = Debug|Any CPU
		{C7421DF3-D5E8-4F38-B3B8-495DD80A16AA}.Debug|Any CPU.Build.0 = Debug|Any CPU
		{C7421DF3-D5E8-4F38-B3B8-495DD80A16AA}.Release|Any CPU.ActiveCfg = Release|Any CPU
		{C7421DF3-D5E8-4F38-B3B8-495DD80A16AA}.Release|Any CPU.Build.0 = Release|Any CPU
		{82F557DA-51CC-43B9-A8F8-B4983E7050DD}.Debug|Any CPU.ActiveCfg = Debug|Any CPU
		{82F557DA-51CC-43B9-A8F8-B4983E7050DD}.Debug|Any CPU.Build.0 = Debug|Any CPU
		{82F557DA-51CC-43B9-A8F8-B4983E7050DD}.Release|Any CPU.ActiveCfg = Release|Any CPU
		{82F557DA-51CC-43B9-A8F8-B4983E7050DD}.Release|Any CPU.Build.0 = Release|Any CPU
	EndGlobalSection
	GlobalSection(SolutionProperties) = preSolution
		HideSolutionNode = FALSE
	EndGlobalSection
	GlobalSection(ExtensibilityGlobals) = postSolution
		SolutionGuid = {42B87DAE-6BBE-4FA6-84AE-968917280973}
	EndGlobalSection
EndGlobal
